
Microsoft Visual Studio Solution File, Format Version 12.00
# Visual Studio 15
VisualStudioVersion = 15.0.28010.2046
MinimumVisualStudioVersion = 10.0.40219.1
Project("{FAE04EC0-301F-11D3-BF4B-00C04F79EFBC}") = "QuoteApp.Android", "QuoteApp\QuoteApp.Android\QuoteApp.Android.csproj", "{79CB1110-DC72-4E68-9B8B-E64A0743CF3E}"
EndProject
Project("{FAE04EC0-301F-11D3-BF4B-00C04F79EFBC}") = "QuoteApp.iOS", "QuoteApp\QuoteApp.iOS\QuoteApp.iOS.csproj", "{8400F883-DB63-45B2-B6D5-C57010B4EBA3}"
EndProject
Project("{FAE04EC0-301F-11D3-BF4B-00C04F79EFBC}") = "QuoteApp.UWP", "QuoteApp\QuoteApp.UWP\QuoteApp.UWP.csproj", "{FFB842C7-582F-435A-B99E-48CB1C358507}"
EndProject
Project("{9A19103F-16F7-4668-BE54-9A1E7A4F7556}") = "QuoteApp", "QuoteApp\QuoteApp\QuoteApp.csproj", "{C56E8D21-AF9E-4F51-B3A0-B6CE9DB56CB3}"
EndProject
Project("{FAE04EC0-301F-11D3-BF4B-00C04F79EFBC}") = "QuoteApp.Tools.DataFormatter", "DataFormatter\QuoteApp.Tools.DataFormatter.csproj", "{C4A074F2-1EA1-49CE-A6A4-CD4D8A7B135A}"
EndProject
Project("{FAE04EC0-301F-11D3-BF4B-00C04F79EFBC}") = "QuoteApp.Tools.ColorLab", "QuoteApp.ColorLab\QuoteApp.Tools.ColorLab.csproj", "{46A29028-5727-450D-9DBD-34A7A21BF71D}"
EndProject
Project("{FAE04EC0-301F-11D3-BF4B-00C04F79EFBC}") = "QuoteApp.ExportImageGenerator", "QuoteApp.ExportImageGenerator\QuoteApp.ExportImageGenerator.csproj", "{57359A7C-4B67-4B08-99A9-50507BFBAC81}"
EndProject
Global
	GlobalSection(SolutionConfigurationPlatforms) = preSolution
		Ad-Hoc|Any CPU = Ad-Hoc|Any CPU
		Ad-Hoc|ARM = Ad-Hoc|ARM
		Ad-Hoc|iPhone = Ad-Hoc|iPhone
		Ad-Hoc|iPhoneSimulator = Ad-Hoc|iPhoneSimulator
		Ad-Hoc|x64 = Ad-Hoc|x64
		Ad-Hoc|x86 = Ad-Hoc|x86
		AppStore|Any CPU = AppStore|Any CPU
		AppStore|ARM = AppStore|ARM
		AppStore|iPhone = AppStore|iPhone
		AppStore|iPhoneSimulator = AppStore|iPhoneSimulator
		AppStore|x64 = AppStore|x64
		AppStore|x86 = AppStore|x86
		Debug|Any CPU = Debug|Any CPU
		Debug|ARM = Debug|ARM
		Debug|iPhone = Debug|iPhone
		Debug|iPhoneSimulator = Debug|iPhoneSimulator
		Debug|x64 = Debug|x64
		Debug|x86 = Debug|x86
		Release|Any CPU = Release|Any CPU
		Release|ARM = Release|ARM
		Release|iPhone = Release|iPhone
		Release|iPhoneSimulator = Release|iPhoneSimulator
		Release|x64 = Release|x64
		Release|x86 = Release|x86
	EndGlobalSection
	GlobalSection(ProjectConfigurationPlatforms) = postSolution
		{79CB1110-DC72-4E68-9B8B-E64A0743CF3E}.Ad-Hoc|Any CPU.ActiveCfg = Release|Any CPU
		{79CB1110-DC72-4E68-9B8B-E64A0743CF3E}.Ad-Hoc|Any CPU.Build.0 = Release|Any CPU
		{79CB1110-DC72-4E68-9B8B-E64A0743CF3E}.Ad-Hoc|Any CPU.Deploy.0 = Release|Any CPU
		{79CB1110-DC72-4E68-9B8B-E64A0743CF3E}.Ad-Hoc|ARM.ActiveCfg = Release|Any CPU
		{79CB1110-DC72-4E68-9B8B-E64A0743CF3E}.Ad-Hoc|ARM.Build.0 = Release|Any CPU
		{79CB1110-DC72-4E68-9B8B-E64A0743CF3E}.Ad-Hoc|ARM.Deploy.0 = Release|Any CPU
		{79CB1110-DC72-4E68-9B8B-E64A0743CF3E}.Ad-Hoc|iPhone.ActiveCfg = Release|Any CPU
		{79CB1110-DC72-4E68-9B8B-E64A0743CF3E}.Ad-Hoc|iPhone.Build.0 = Release|Any CPU
		{79CB1110-DC72-4E68-9B8B-E64A0743CF3E}.Ad-Hoc|iPhone.Deploy.0 = Release|Any CPU
		{79CB1110-DC72-4E68-9B8B-E64A0743CF3E}.Ad-Hoc|iPhoneSimulator.ActiveCfg = Release|Any CPU
		{79CB1110-DC72-4E68-9B8B-E64A0743CF3E}.Ad-Hoc|iPhoneSimulator.Build.0 = Release|Any CPU
		{79CB1110-DC72-4E68-9B8B-E64A0743CF3E}.Ad-Hoc|iPhoneSimulator.Deploy.0 = Release|Any CPU
		{79CB1110-DC72-4E68-9B8B-E64A0743CF3E}.Ad-Hoc|x64.ActiveCfg = Release|Any CPU
		{79CB1110-DC72-4E68-9B8B-E64A0743CF3E}.Ad-Hoc|x64.Build.0 = Release|Any CPU
		{79CB1110-DC72-4E68-9B8B-E64A0743CF3E}.Ad-Hoc|x64.Deploy.0 = Release|Any CPU
		{79CB1110-DC72-4E68-9B8B-E64A0743CF3E}.Ad-Hoc|x86.ActiveCfg = Release|Any CPU
		{79CB1110-DC72-4E68-9B8B-E64A0743CF3E}.Ad-Hoc|x86.Build.0 = Release|Any CPU
		{79CB1110-DC72-4E68-9B8B-E64A0743CF3E}.Ad-Hoc|x86.Deploy.0 = Release|Any CPU
		{79CB1110-DC72-4E68-9B8B-E64A0743CF3E}.AppStore|Any CPU.ActiveCfg = Release|Any CPU
		{79CB1110-DC72-4E68-9B8B-E64A0743CF3E}.AppStore|Any CPU.Build.0 = Release|Any CPU
		{79CB1110-DC72-4E68-9B8B-E64A0743CF3E}.AppStore|Any CPU.Deploy.0 = Release|Any CPU
		{79CB1110-DC72-4E68-9B8B-E64A0743CF3E}.AppStore|ARM.ActiveCfg = Release|Any CPU
		{79CB1110-DC72-4E68-9B8B-E64A0743CF3E}.AppStore|ARM.Build.0 = Release|Any CPU
		{79CB1110-DC72-4E68-9B8B-E64A0743CF3E}.AppStore|ARM.Deploy.0 = Release|Any CPU
		{79CB1110-DC72-4E68-9B8B-E64A0743CF3E}.AppStore|iPhone.ActiveCfg = Release|Any CPU
		{79CB1110-DC72-4E68-9B8B-E64A0743CF3E}.AppStore|iPhone.Build.0 = Release|Any CPU
		{79CB1110-DC72-4E68-9B8B-E64A0743CF3E}.AppStore|iPhone.Deploy.0 = Release|Any CPU
		{79CB1110-DC72-4E68-9B8B-E64A0743CF3E}.AppStore|iPhoneSimulator.ActiveCfg = Release|Any CPU
		{79CB1110-DC72-4E68-9B8B-E64A0743CF3E}.AppStore|iPhoneSimulator.Build.0 = Release|Any CPU
		{79CB1110-DC72-4E68-9B8B-E64A0743CF3E}.AppStore|iPhoneSimulator.Deploy.0 = Release|Any CPU
		{79CB1110-DC72-4E68-9B8B-E64A0743CF3E}.AppStore|x64.ActiveCfg = Release|Any CPU
		{79CB1110-DC72-4E68-9B8B-E64A0743CF3E}.AppStore|x64.Build.0 = Release|Any CPU
		{79CB1110-DC72-4E68-9B8B-E64A0743CF3E}.AppStore|x64.Deploy.0 = Release|Any CPU
		{79CB1110-DC72-4E68-9B8B-E64A0743CF3E}.AppStore|x86.ActiveCfg = Release|Any CPU
		{79CB1110-DC72-4E68-9B8B-E64A0743CF3E}.AppStore|x86.Build.0 = Release|Any CPU
		{79CB1110-DC72-4E68-9B8B-E64A0743CF3E}.AppStore|x86.Deploy.0 = Release|Any CPU
		{79CB1110-DC72-4E68-9B8B-E64A0743CF3E}.Debug|Any CPU.ActiveCfg = Debug|Any CPU
		{79CB1110-DC72-4E68-9B8B-E64A0743CF3E}.Debug|Any CPU.Build.0 = Debug|Any CPU
		{79CB1110-DC72-4E68-9B8B-E64A0743CF3E}.Debug|Any CPU.Deploy.0 = Debug|Any CPU
		{79CB1110-DC72-4E68-9B8B-E64A0743CF3E}.Debug|ARM.ActiveCfg = Debug|Any CPU
		{79CB1110-DC72-4E68-9B8B-E64A0743CF3E}.Debug|ARM.Build.0 = Debug|Any CPU
		{79CB1110-DC72-4E68-9B8B-E64A0743CF3E}.Debug|ARM.Deploy.0 = Debug|Any CPU
		{79CB1110-DC72-4E68-9B8B-E64A0743CF3E}.Debug|iPhone.ActiveCfg = Debug|Any CPU
		{79CB1110-DC72-4E68-9B8B-E64A0743CF3E}.Debug|iPhone.Build.0 = Debug|Any CPU
		{79CB1110-DC72-4E68-9B8B-E64A0743CF3E}.Debug|iPhone.Deploy.0 = Debug|Any CPU
		{79CB1110-DC72-4E68-9B8B-E64A0743CF3E}.Debug|iPhoneSimulator.ActiveCfg = Debug|Any CPU
		{79CB1110-DC72-4E68-9B8B-E64A0743CF3E}.Debug|iPhoneSimulator.Build.0 = Debug|Any CPU
		{79CB1110-DC72-4E68-9B8B-E64A0743CF3E}.Debug|iPhoneSimulator.Deploy.0 = Debug|Any CPU
		{79CB1110-DC72-4E68-9B8B-E64A0743CF3E}.Debug|x64.ActiveCfg = Debug|Any CPU
		{79CB1110-DC72-4E68-9B8B-E64A0743CF3E}.Debug|x64.Build.0 = Debug|Any CPU
		{79CB1110-DC72-4E68-9B8B-E64A0743CF3E}.Debug|x64.Deploy.0 = Debug|Any CPU
		{79CB1110-DC72-4E68-9B8B-E64A0743CF3E}.Debug|x86.ActiveCfg = Debug|Any CPU
		{79CB1110-DC72-4E68-9B8B-E64A0743CF3E}.Debug|x86.Build.0 = Debug|Any CPU
		{79CB1110-DC72-4E68-9B8B-E64A0743CF3E}.Debug|x86.Deploy.0 = Debug|Any CPU
		{79CB1110-DC72-4E68-9B8B-E64A0743CF3E}.Release|Any CPU.ActiveCfg = Release|Any CPU
		{79CB1110-DC72-4E68-9B8B-E64A0743CF3E}.Release|Any CPU.Build.0 = Release|Any CPU
		{79CB1110-DC72-4E68-9B8B-E64A0743CF3E}.Release|Any CPU.Deploy.0 = Release|Any CPU
		{79CB1110-DC72-4E68-9B8B-E64A0743CF3E}.Release|ARM.ActiveCfg = Release|Any CPU
		{79CB1110-DC72-4E68-9B8B-E64A0743CF3E}.Release|ARM.Build.0 = Release|Any CPU
		{79CB1110-DC72-4E68-9B8B-E64A0743CF3E}.Release|ARM.Deploy.0 = Release|Any CPU
		{79CB1110-DC72-4E68-9B8B-E64A0743CF3E}.Release|iPhone.ActiveCfg = Release|Any CPU
		{79CB1110-DC72-4E68-9B8B-E64A0743CF3E}.Release|iPhone.Build.0 = Release|Any CPU
		{79CB1110-DC72-4E68-9B8B-E64A0743CF3E}.Release|iPhone.Deploy.0 = Release|Any CPU
		{79CB1110-DC72-4E68-9B8B-E64A0743CF3E}.Release|iPhoneSimulator.ActiveCfg = Release|Any CPU
		{79CB1110-DC72-4E68-9B8B-E64A0743CF3E}.Release|iPhoneSimulator.Build.0 = Release|Any CPU
		{79CB1110-DC72-4E68-9B8B-E64A0743CF3E}.Release|iPhoneSimulator.Deploy.0 = Release|Any CPU
		{79CB1110-DC72-4E68-9B8B-E64A0743CF3E}.Release|x64.ActiveCfg = Release|Any CPU
		{79CB1110-DC72-4E68-9B8B-E64A0743CF3E}.Release|x64.Build.0 = Release|Any CPU
		{79CB1110-DC72-4E68-9B8B-E64A0743CF3E}.Release|x64.Deploy.0 = Release|Any CPU
		{79CB1110-DC72-4E68-9B8B-E64A0743CF3E}.Release|x86.ActiveCfg = Release|Any CPU
		{79CB1110-DC72-4E68-9B8B-E64A0743CF3E}.Release|x86.Build.0 = Release|Any CPU
		{79CB1110-DC72-4E68-9B8B-E64A0743CF3E}.Release|x86.Deploy.0 = Release|Any CPU
		{8400F883-DB63-45B2-B6D5-C57010B4EBA3}.Ad-Hoc|Any CPU.ActiveCfg = Ad-Hoc|iPhone
		{8400F883-DB63-45B2-B6D5-C57010B4EBA3}.Ad-Hoc|Any CPU.Build.0 = Ad-Hoc|iPhone
		{8400F883-DB63-45B2-B6D5-C57010B4EBA3}.Ad-Hoc|Any CPU.Deploy.0 = Ad-Hoc|iPhone
		{8400F883-DB63-45B2-B6D5-C57010B4EBA3}.Ad-Hoc|ARM.ActiveCfg = Ad-Hoc|iPhone
		{8400F883-DB63-45B2-B6D5-C57010B4EBA3}.Ad-Hoc|ARM.Build.0 = Ad-Hoc|iPhone
		{8400F883-DB63-45B2-B6D5-C57010B4EBA3}.Ad-Hoc|ARM.Deploy.0 = Ad-Hoc|iPhone
		{8400F883-DB63-45B2-B6D5-C57010B4EBA3}.Ad-Hoc|iPhone.ActiveCfg = Ad-Hoc|iPhone
		{8400F883-DB63-45B2-B6D5-C57010B4EBA3}.Ad-Hoc|iPhone.Build.0 = Ad-Hoc|iPhone
		{8400F883-DB63-45B2-B6D5-C57010B4EBA3}.Ad-Hoc|iPhone.Deploy.0 = Ad-Hoc|iPhone
		{8400F883-DB63-45B2-B6D5-C57010B4EBA3}.Ad-Hoc|iPhoneSimulator.ActiveCfg = Ad-Hoc|iPhoneSimulator
		{8400F883-DB63-45B2-B6D5-C57010B4EBA3}.Ad-Hoc|iPhoneSimulator.Build.0 = Ad-Hoc|iPhoneSimulator
		{8400F883-DB63-45B2-B6D5-C57010B4EBA3}.Ad-Hoc|iPhoneSimulator.Deploy.0 = Ad-Hoc|iPhoneSimulator
		{8400F883-DB63-45B2-B6D5-C57010B4EBA3}.Ad-Hoc|x64.ActiveCfg = Ad-Hoc|iPhone
		{8400F883-DB63-45B2-B6D5-C57010B4EBA3}.Ad-Hoc|x64.Build.0 = Ad-Hoc|iPhone
		{8400F883-DB63-45B2-B6D5-C57010B4EBA3}.Ad-Hoc|x64.Deploy.0 = Ad-Hoc|iPhone
		{8400F883-DB63-45B2-B6D5-C57010B4EBA3}.Ad-Hoc|x86.ActiveCfg = Ad-Hoc|iPhone
		{8400F883-DB63-45B2-B6D5-C57010B4EBA3}.Ad-Hoc|x86.Build.0 = Ad-Hoc|iPhone
		{8400F883-DB63-45B2-B6D5-C57010B4EBA3}.Ad-Hoc|x86.Deploy.0 = Ad-Hoc|iPhone
		{8400F883-DB63-45B2-B6D5-C57010B4EBA3}.AppStore|Any CPU.ActiveCfg = AppStore|iPhone
		{8400F883-DB63-45B2-B6D5-C57010B4EBA3}.AppStore|Any CPU.Build.0 = AppStore|iPhone
		{8400F883-DB63-45B2-B6D5-C57010B4EBA3}.AppStore|Any CPU.Deploy.0 = AppStore|iPhone
		{8400F883-DB63-45B2-B6D5-C57010B4EBA3}.AppStore|ARM.ActiveCfg = AppStore|iPhone
		{8400F883-DB63-45B2-B6D5-C57010B4EBA3}.AppStore|ARM.Build.0 = AppStore|iPhone
		{8400F883-DB63-45B2-B6D5-C57010B4EBA3}.AppStore|ARM.Deploy.0 = AppStore|iPhone
		{8400F883-DB63-45B2-B6D5-C57010B4EBA3}.AppStore|iPhone.ActiveCfg = AppStore|iPhone
		{8400F883-DB63-45B2-B6D5-C57010B4EBA3}.AppStore|iPhone.Build.0 = AppStore|iPhone
		{8400F883-DB63-45B2-B6D5-C57010B4EBA3}.AppStore|iPhone.Deploy.0 = AppStore|iPhone
		{8400F883-DB63-45B2-B6D5-C57010B4EBA3}.AppStore|iPhoneSimulator.ActiveCfg = AppStore|iPhoneSimulator
		{8400F883-DB63-45B2-B6D5-C57010B4EBA3}.AppStore|iPhoneSimulator.Build.0 = AppStore|iPhoneSimulator
		{8400F883-DB63-45B2-B6D5-C57010B4EBA3}.AppStore|iPhoneSimulator.Deploy.0 = AppStore|iPhoneSimulator
		{8400F883-DB63-45B2-B6D5-C57010B4EBA3}.AppStore|x64.ActiveCfg = AppStore|iPhone
		{8400F883-DB63-45B2-B6D5-C57010B4EBA3}.AppStore|x64.Build.0 = AppStore|iPhone
		{8400F883-DB63-45B2-B6D5-C57010B4EBA3}.AppStore|x64.Deploy.0 = AppStore|iPhone
		{8400F883-DB63-45B2-B6D5-C57010B4EBA3}.AppStore|x86.ActiveCfg = AppStore|iPhone
		{8400F883-DB63-45B2-B6D5-C57010B4EBA3}.AppStore|x86.Build.0 = AppStore|iPhone
		{8400F883-DB63-45B2-B6D5-C57010B4EBA3}.AppStore|x86.Deploy.0 = AppStore|iPhone
		{8400F883-DB63-45B2-B6D5-C57010B4EBA3}.Debug|Any CPU.ActiveCfg = Debug|iPhoneSimulator
		{8400F883-DB63-45B2-B6D5-C57010B4EBA3}.Debug|Any CPU.Build.0 = Debug|iPhoneSimulator
		{8400F883-DB63-45B2-B6D5-C57010B4EBA3}.Debug|Any CPU.Deploy.0 = Debug|iPhoneSimulator
		{8400F883-DB63-45B2-B6D5-C57010B4EBA3}.Debug|ARM.ActiveCfg = Debug|iPhone
		{8400F883-DB63-45B2-B6D5-C57010B4EBA3}.Debug|ARM.Build.0 = Debug|iPhone
		{8400F883-DB63-45B2-B6D5-C57010B4EBA3}.Debug|ARM.Deploy.0 = Debug|iPhone
		{8400F883-DB63-45B2-B6D5-C57010B4EBA3}.Debug|iPhone.ActiveCfg = Debug|iPhone
		{8400F883-DB63-45B2-B6D5-C57010B4EBA3}.Debug|iPhone.Build.0 = Debug|iPhone
		{8400F883-DB63-45B2-B6D5-C57010B4EBA3}.Debug|iPhone.Deploy.0 = Debug|iPhone
		{8400F883-DB63-45B2-B6D5-C57010B4EBA3}.Debug|iPhoneSimulator.ActiveCfg = Debug|iPhoneSimulator
		{8400F883-DB63-45B2-B6D5-C57010B4EBA3}.Debug|iPhoneSimulator.Build.0 = Debug|iPhoneSimulator
		{8400F883-DB63-45B2-B6D5-C57010B4EBA3}.Debug|iPhoneSimulator.Deploy.0 = Debug|iPhoneSimulator
		{8400F883-DB63-45B2-B6D5-C57010B4EBA3}.Debug|x64.ActiveCfg = Debug|iPhone
		{8400F883-DB63-45B2-B6D5-C57010B4EBA3}.Debug|x64.Build.0 = Debug|iPhone
		{8400F883-DB63-45B2-B6D5-C57010B4EBA3}.Debug|x64.Deploy.0 = Debug|iPhone
		{8400F883-DB63-45B2-B6D5-C57010B4EBA3}.Debug|x86.ActiveCfg = Debug|iPhone
		{8400F883-DB63-45B2-B6D5-C57010B4EBA3}.Debug|x86.Build.0 = Debug|iPhone
		{8400F883-DB63-45B2-B6D5-C57010B4EBA3}.Debug|x86.Deploy.0 = Debug|iPhone
		{8400F883-DB63-45B2-B6D5-C57010B4EBA3}.Release|Any CPU.ActiveCfg = Release|iPhone
		{8400F883-DB63-45B2-B6D5-C57010B4EBA3}.Release|Any CPU.Build.0 = Release|iPhone
		{8400F883-DB63-45B2-B6D5-C57010B4EBA3}.Release|Any CPU.Deploy.0 = Release|iPhone
		{8400F883-DB63-45B2-B6D5-C57010B4EBA3}.Release|ARM.ActiveCfg = Release|iPhone
		{8400F883-DB63-45B2-B6D5-C57010B4EBA3}.Release|ARM.Build.0 = Release|iPhone
		{8400F883-DB63-45B2-B6D5-C57010B4EBA3}.Release|ARM.Deploy.0 = Release|iPhone
		{8400F883-DB63-45B2-B6D5-C57010B4EBA3}.Release|iPhone.ActiveCfg = Release|iPhone
		{8400F883-DB63-45B2-B6D5-C57010B4EBA3}.Release|iPhone.Build.0 = Release|iPhone
		{8400F883-DB63-45B2-B6D5-C57010B4EBA3}.Release|iPhone.Deploy.0 = Release|iPhone
		{8400F883-DB63-45B2-B6D5-C57010B4EBA3}.Release|iPhoneSimulator.ActiveCfg = Release|iPhoneSimulator
		{8400F883-DB63-45B2-B6D5-C57010B4EBA3}.Release|iPhoneSimulator.Build.0 = Release|iPhoneSimulator
		{8400F883-DB63-45B2-B6D5-C57010B4EBA3}.Release|iPhoneSimulator.Deploy.0 = Release|iPhoneSimulator
		{8400F883-DB63-45B2-B6D5-C57010B4EBA3}.Release|x64.ActiveCfg = Release|iPhone
		{8400F883-DB63-45B2-B6D5-C57010B4EBA3}.Release|x64.Build.0 = Release|iPhone
		{8400F883-DB63-45B2-B6D5-C57010B4EBA3}.Release|x64.Deploy.0 = Release|iPhone
		{8400F883-DB63-45B2-B6D5-C57010B4EBA3}.Release|x86.ActiveCfg = Release|iPhone
		{8400F883-DB63-45B2-B6D5-C57010B4EBA3}.Release|x86.Build.0 = Release|iPhone
		{8400F883-DB63-45B2-B6D5-C57010B4EBA3}.Release|x86.Deploy.0 = Release|iPhone
		{FFB842C7-582F-435A-B99E-48CB1C358507}.Ad-Hoc|Any CPU.ActiveCfg = Release|x86
		{FFB842C7-582F-435A-B99E-48CB1C358507}.Ad-Hoc|Any CPU.Build.0 = Release|x86
		{FFB842C7-582F-435A-B99E-48CB1C358507}.Ad-Hoc|Any CPU.Deploy.0 = Release|x86
		{FFB842C7-582F-435A-B99E-48CB1C358507}.Ad-Hoc|ARM.ActiveCfg = Release|ARM
		{FFB842C7-582F-435A-B99E-48CB1C358507}.Ad-Hoc|ARM.Build.0 = Release|ARM
		{FFB842C7-582F-435A-B99E-48CB1C358507}.Ad-Hoc|ARM.Deploy.0 = Release|ARM
		{FFB842C7-582F-435A-B99E-48CB1C358507}.Ad-Hoc|iPhone.ActiveCfg = Release|x86
		{FFB842C7-582F-435A-B99E-48CB1C358507}.Ad-Hoc|iPhone.Build.0 = Release|x86
		{FFB842C7-582F-435A-B99E-48CB1C358507}.Ad-Hoc|iPhone.Deploy.0 = Release|x86
		{FFB842C7-582F-435A-B99E-48CB1C358507}.Ad-Hoc|iPhoneSimulator.ActiveCfg = Release|x86
		{FFB842C7-582F-435A-B99E-48CB1C358507}.Ad-Hoc|iPhoneSimulator.Build.0 = Release|x86
		{FFB842C7-582F-435A-B99E-48CB1C358507}.Ad-Hoc|iPhoneSimulator.Deploy.0 = Release|x86
		{FFB842C7-582F-435A-B99E-48CB1C358507}.Ad-Hoc|x64.ActiveCfg = Release|x64
		{FFB842C7-582F-435A-B99E-48CB1C358507}.Ad-Hoc|x64.Build.0 = Release|x64
		{FFB842C7-582F-435A-B99E-48CB1C358507}.Ad-Hoc|x64.Deploy.0 = Release|x64
		{FFB842C7-582F-435A-B99E-48CB1C358507}.Ad-Hoc|x86.ActiveCfg = Release|x86
		{FFB842C7-582F-435A-B99E-48CB1C358507}.Ad-Hoc|x86.Build.0 = Release|x86
		{FFB842C7-582F-435A-B99E-48CB1C358507}.Ad-Hoc|x86.Deploy.0 = Release|x86
		{FFB842C7-582F-435A-B99E-48CB1C358507}.AppStore|Any CPU.ActiveCfg = Release|x86
		{FFB842C7-582F-435A-B99E-48CB1C358507}.AppStore|Any CPU.Build.0 = Release|x86
		{FFB842C7-582F-435A-B99E-48CB1C358507}.AppStore|Any CPU.Deploy.0 = Release|x86
		{FFB842C7-582F-435A-B99E-48CB1C358507}.AppStore|ARM.ActiveCfg = Release|ARM
		{FFB842C7-582F-435A-B99E-48CB1C358507}.AppStore|ARM.Build.0 = Release|ARM
		{FFB842C7-582F-435A-B99E-48CB1C358507}.AppStore|ARM.Deploy.0 = Release|ARM
		{FFB842C7-582F-435A-B99E-48CB1C358507}.AppStore|iPhone.ActiveCfg = Release|x86
		{FFB842C7-582F-435A-B99E-48CB1C358507}.AppStore|iPhone.Build.0 = Release|x86
		{FFB842C7-582F-435A-B99E-48CB1C358507}.AppStore|iPhone.Deploy.0 = Release|x86
		{FFB842C7-582F-435A-B99E-48CB1C358507}.AppStore|iPhoneSimulator.ActiveCfg = Release|x86
		{FFB842C7-582F-435A-B99E-48CB1C358507}.AppStore|iPhoneSimulator.Build.0 = Release|x86
		{FFB842C7-582F-435A-B99E-48CB1C358507}.AppStore|iPhoneSimulator.Deploy.0 = Release|x86
		{FFB842C7-582F-435A-B99E-48CB1C358507}.AppStore|x64.ActiveCfg = Release|x64
		{FFB842C7-582F-435A-B99E-48CB1C358507}.AppStore|x64.Build.0 = Release|x64
		{FFB842C7-582F-435A-B99E-48CB1C358507}.AppStore|x64.Deploy.0 = Release|x64
		{FFB842C7-582F-435A-B99E-48CB1C358507}.AppStore|x86.ActiveCfg = Release|x86
		{FFB842C7-582F-435A-B99E-48CB1C358507}.AppStore|x86.Build.0 = Release|x86
		{FFB842C7-582F-435A-B99E-48CB1C358507}.AppStore|x86.Deploy.0 = Release|x86
		{FFB842C7-582F-435A-B99E-48CB1C358507}.Debug|Any CPU.ActiveCfg = Debug|x86
		{FFB842C7-582F-435A-B99E-48CB1C358507}.Debug|Any CPU.Build.0 = Debug|x86
		{FFB842C7-582F-435A-B99E-48CB1C358507}.Debug|Any CPU.Deploy.0 = Debug|x86
		{FFB842C7-582F-435A-B99E-48CB1C358507}.Debug|ARM.ActiveCfg = Debug|ARM
		{FFB842C7-582F-435A-B99E-48CB1C358507}.Debug|ARM.Build.0 = Debug|ARM
		{FFB842C7-582F-435A-B99E-48CB1C358507}.Debug|ARM.Deploy.0 = Debug|ARM
		{FFB842C7-582F-435A-B99E-48CB1C358507}.Debug|iPhone.ActiveCfg = Debug|x86
		{FFB842C7-582F-435A-B99E-48CB1C358507}.Debug|iPhone.Build.0 = Debug|x86
		{FFB842C7-582F-435A-B99E-48CB1C358507}.Debug|iPhone.Deploy.0 = Debug|x86
		{FFB842C7-582F-435A-B99E-48CB1C358507}.Debug|iPhoneSimulator.ActiveCfg = Debug|x86
		{FFB842C7-582F-435A-B99E-48CB1C358507}.Debug|iPhoneSimulator.Build.0 = Debug|x86
		{FFB842C7-582F-435A-B99E-48CB1C358507}.Debug|iPhoneSimulator.Deploy.0 = Debug|x86
		{FFB842C7-582F-435A-B99E-48CB1C358507}.Debug|x64.ActiveCfg = Debug|x64
		{FFB842C7-582F-435A-B99E-48CB1C358507}.Debug|x64.Build.0 = Debug|x64
		{FFB842C7-582F-435A-B99E-48CB1C358507}.Debug|x64.Deploy.0 = Debug|x64
		{FFB842C7-582F-435A-B99E-48CB1C358507}.Debug|x86.ActiveCfg = Debug|x86
		{FFB842C7-582F-435A-B99E-48CB1C358507}.Debug|x86.Build.0 = Debug|x86
		{FFB842C7-582F-435A-B99E-48CB1C358507}.Debug|x86.Deploy.0 = Debug|x86
		{FFB842C7-582F-435A-B99E-48CB1C358507}.Release|Any CPU.ActiveCfg = Release|x86
		{FFB842C7-582F-435A-B99E-48CB1C358507}.Release|Any CPU.Build.0 = Release|x86
		{FFB842C7-582F-435A-B99E-48CB1C358507}.Release|Any CPU.Deploy.0 = Release|x86
		{FFB842C7-582F-435A-B99E-48CB1C358507}.Release|ARM.ActiveCfg = Release|ARM
		{FFB842C7-582F-435A-B99E-48CB1C358507}.Release|ARM.Build.0 = Release|ARM
		{FFB842C7-582F-435A-B99E-48CB1C358507}.Release|ARM.Deploy.0 = Release|ARM
		{FFB842C7-582F-435A-B99E-48CB1C358507}.Release|iPhone.ActiveCfg = Release|x86
		{FFB842C7-582F-435A-B99E-48CB1C358507}.Release|iPhone.Build.0 = Release|x86
		{FFB842C7-582F-435A-B99E-48CB1C358507}.Release|iPhone.Deploy.0 = Release|x86
		{FFB842C7-582F-435A-B99E-48CB1C358507}.Release|iPhoneSimulator.ActiveCfg = Release|x86
		{FFB842C7-582F-435A-B99E-48CB1C358507}.Release|iPhoneSimulator.Build.0 = Release|x86
		{FFB842C7-582F-435A-B99E-48CB1C358507}.Release|iPhoneSimulator.Deploy.0 = Release|x86
		{FFB842C7-582F-435A-B99E-48CB1C358507}.Release|x64.ActiveCfg = Release|x64
		{FFB842C7-582F-435A-B99E-48CB1C358507}.Release|x64.Build.0 = Release|x64
		{FFB842C7-582F-435A-B99E-48CB1C358507}.Release|x64.Deploy.0 = Release|x64
		{FFB842C7-582F-435A-B99E-48CB1C358507}.Release|x86.ActiveCfg = Release|x86
		{FFB842C7-582F-435A-B99E-48CB1C358507}.Release|x86.Build.0 = Release|x86
		{FFB842C7-582F-435A-B99E-48CB1C358507}.Release|x86.Deploy.0 = Release|x86
		{C56E8D21-AF9E-4F51-B3A0-B6CE9DB56CB3}.Ad-Hoc|Any CPU.ActiveCfg = Debug|Any CPU
		{C56E8D21-AF9E-4F51-B3A0-B6CE9DB56CB3}.Ad-Hoc|Any CPU.Build.0 = Debug|Any CPU
		{C56E8D21-AF9E-4F51-B3A0-B6CE9DB56CB3}.Ad-Hoc|Any CPU.Deploy.0 = Debug|Any CPU
		{C56E8D21-AF9E-4F51-B3A0-B6CE9DB56CB3}.Ad-Hoc|ARM.ActiveCfg = Debug|Any CPU
		{C56E8D21-AF9E-4F51-B3A0-B6CE9DB56CB3}.Ad-Hoc|ARM.Build.0 = Debug|Any CPU
		{C56E8D21-AF9E-4F51-B3A0-B6CE9DB56CB3}.Ad-Hoc|ARM.Deploy.0 = Debug|Any CPU
		{C56E8D21-AF9E-4F51-B3A0-B6CE9DB56CB3}.Ad-Hoc|iPhone.ActiveCfg = Debug|Any CPU
		{C56E8D21-AF9E-4F51-B3A0-B6CE9DB56CB3}.Ad-Hoc|iPhone.Build.0 = Debug|Any CPU
		{C56E8D21-AF9E-4F51-B3A0-B6CE9DB56CB3}.Ad-Hoc|iPhone.Deploy.0 = Debug|Any CPU
		{C56E8D21-AF9E-4F51-B3A0-B6CE9DB56CB3}.Ad-Hoc|iPhoneSimulator.ActiveCfg = Debug|Any CPU
		{C56E8D21-AF9E-4F51-B3A0-B6CE9DB56CB3}.Ad-Hoc|iPhoneSimulator.Build.0 = Debug|Any CPU
		{C56E8D21-AF9E-4F51-B3A0-B6CE9DB56CB3}.Ad-Hoc|iPhoneSimulator.Deploy.0 = Debug|Any CPU
		{C56E8D21-AF9E-4F51-B3A0-B6CE9DB56CB3}.Ad-Hoc|x64.ActiveCfg = Debug|Any CPU
		{C56E8D21-AF9E-4F51-B3A0-B6CE9DB56CB3}.Ad-Hoc|x64.Build.0 = Debug|Any CPU
		{C56E8D21-AF9E-4F51-B3A0-B6CE9DB56CB3}.Ad-Hoc|x64.Deploy.0 = Debug|Any CPU
		{C56E8D21-AF9E-4F51-B3A0-B6CE9DB56CB3}.Ad-Hoc|x86.ActiveCfg = Debug|Any CPU
		{C56E8D21-AF9E-4F51-B3A0-B6CE9DB56CB3}.Ad-Hoc|x86.Build.0 = Debug|Any CPU
		{C56E8D21-AF9E-4F51-B3A0-B6CE9DB56CB3}.Ad-Hoc|x86.Deploy.0 = Debug|Any CPU
		{C56E8D21-AF9E-4F51-B3A0-B6CE9DB56CB3}.AppStore|Any CPU.ActiveCfg = Debug|Any CPU
		{C56E8D21-AF9E-4F51-B3A0-B6CE9DB56CB3}.AppStore|Any CPU.Build.0 = Debug|Any CPU
		{C56E8D21-AF9E-4F51-B3A0-B6CE9DB56CB3}.AppStore|Any CPU.Deploy.0 = Debug|Any CPU
		{C56E8D21-AF9E-4F51-B3A0-B6CE9DB56CB3}.AppStore|ARM.ActiveCfg = Debug|Any CPU
		{C56E8D21-AF9E-4F51-B3A0-B6CE9DB56CB3}.AppStore|ARM.Build.0 = Debug|Any CPU
		{C56E8D21-AF9E-4F51-B3A0-B6CE9DB56CB3}.AppStore|ARM.Deploy.0 = Debug|Any CPU
		{C56E8D21-AF9E-4F51-B3A0-B6CE9DB56CB3}.AppStore|iPhone.ActiveCfg = Debug|Any CPU
		{C56E8D21-AF9E-4F51-B3A0-B6CE9DB56CB3}.AppStore|iPhone.Build.0 = Debug|Any CPU
		{C56E8D21-AF9E-4F51-B3A0-B6CE9DB56CB3}.AppStore|iPhone.Deploy.0 = Debug|Any CPU
		{C56E8D21-AF9E-4F51-B3A0-B6CE9DB56CB3}.AppStore|iPhoneSimulator.ActiveCfg = Debug|Any CPU
		{C56E8D21-AF9E-4F51-B3A0-B6CE9DB56CB3}.AppStore|iPhoneSimulator.Build.0 = Debug|Any CPU
		{C56E8D21-AF9E-4F51-B3A0-B6CE9DB56CB3}.AppStore|iPhoneSimulator.Deploy.0 = Debug|Any CPU
		{C56E8D21-AF9E-4F51-B3A0-B6CE9DB56CB3}.AppStore|x64.ActiveCfg = Debug|Any CPU
		{C56E8D21-AF9E-4F51-B3A0-B6CE9DB56CB3}.AppStore|x64.Build.0 = Debug|Any CPU
		{C56E8D21-AF9E-4F51-B3A0-B6CE9DB56CB3}.AppStore|x64.Deploy.0 = Debug|Any CPU
		{C56E8D21-AF9E-4F51-B3A0-B6CE9DB56CB3}.AppStore|x86.ActiveCfg = Debug|Any CPU
		{C56E8D21-AF9E-4F51-B3A0-B6CE9DB56CB3}.AppStore|x86.Build.0 = Debug|Any CPU
		{C56E8D21-AF9E-4F51-B3A0-B6CE9DB56CB3}.AppStore|x86.Deploy.0 = Debug|Any CPU
		{C56E8D21-AF9E-4F51-B3A0-B6CE9DB56CB3}.Debug|Any CPU.ActiveCfg = Debug|Any CPU
		{C56E8D21-AF9E-4F51-B3A0-B6CE9DB56CB3}.Debug|Any CPU.Build.0 = Debug|Any CPU
		{C56E8D21-AF9E-4F51-B3A0-B6CE9DB56CB3}.Debug|Any CPU.Deploy.0 = Debug|Any CPU
		{C56E8D21-AF9E-4F51-B3A0-B6CE9DB56CB3}.Debug|ARM.ActiveCfg = Debug|Any CPU
		{C56E8D21-AF9E-4F51-B3A0-B6CE9DB56CB3}.Debug|ARM.Build.0 = Debug|Any CPU
		{C56E8D21-AF9E-4F51-B3A0-B6CE9DB56CB3}.Debug|ARM.Deploy.0 = Debug|Any CPU
		{C56E8D21-AF9E-4F51-B3A0-B6CE9DB56CB3}.Debug|iPhone.ActiveCfg = Debug|Any CPU
		{C56E8D21-AF9E-4F51-B3A0-B6CE9DB56CB3}.Debug|iPhone.Build.0 = Debug|Any CPU
		{C56E8D21-AF9E-4F51-B3A0-B6CE9DB56CB3}.Debug|iPhone.Deploy.0 = Debug|Any CPU
		{C56E8D21-AF9E-4F51-B3A0-B6CE9DB56CB3}.Debug|iPhoneSimulator.ActiveCfg = Debug|Any CPU
		{C56E8D21-AF9E-4F51-B3A0-B6CE9DB56CB3}.Debug|iPhoneSimulator.Build.0 = Debug|Any CPU
		{C56E8D21-AF9E-4F51-B3A0-B6CE9DB56CB3}.Debug|iPhoneSimulator.Deploy.0 = Debug|Any CPU
		{C56E8D21-AF9E-4F51-B3A0-B6CE9DB56CB3}.Debug|x64.ActiveCfg = Debug|Any CPU
		{C56E8D21-AF9E-4F51-B3A0-B6CE9DB56CB3}.Debug|x64.Build.0 = Debug|Any CPU
		{C56E8D21-AF9E-4F51-B3A0-B6CE9DB56CB3}.Debug|x64.Deploy.0 = Debug|Any CPU
		{C56E8D21-AF9E-4F51-B3A0-B6CE9DB56CB3}.Debug|x86.ActiveCfg = Debug|Any CPU
		{C56E8D21-AF9E-4F51-B3A0-B6CE9DB56CB3}.Debug|x86.Build.0 = Debug|Any CPU
		{C56E8D21-AF9E-4F51-B3A0-B6CE9DB56CB3}.Debug|x86.Deploy.0 = Debug|Any CPU
		{C56E8D21-AF9E-4F51-B3A0-B6CE9DB56CB3}.Release|Any CPU.ActiveCfg = Release|Any CPU
		{C56E8D21-AF9E-4F51-B3A0-B6CE9DB56CB3}.Release|Any CPU.Build.0 = Release|Any CPU
		{C56E8D21-AF9E-4F51-B3A0-B6CE9DB56CB3}.Release|Any CPU.Deploy.0 = Release|Any CPU
		{C56E8D21-AF9E-4F51-B3A0-B6CE9DB56CB3}.Release|ARM.ActiveCfg = Release|Any CPU
		{C56E8D21-AF9E-4F51-B3A0-B6CE9DB56CB3}.Release|ARM.Build.0 = Release|Any CPU
		{C56E8D21-AF9E-4F51-B3A0-B6CE9DB56CB3}.Release|ARM.Deploy.0 = Release|Any CPU
		{C56E8D21-AF9E-4F51-B3A0-B6CE9DB56CB3}.Release|iPhone.ActiveCfg = Release|Any CPU
		{C56E8D21-AF9E-4F51-B3A0-B6CE9DB56CB3}.Release|iPhone.Build.0 = Release|Any CPU
		{C56E8D21-AF9E-4F51-B3A0-B6CE9DB56CB3}.Release|iPhone.Deploy.0 = Release|Any CPU
		{C56E8D21-AF9E-4F51-B3A0-B6CE9DB56CB3}.Release|iPhoneSimulator.ActiveCfg = Release|Any CPU
		{C56E8D21-AF9E-4F51-B3A0-B6CE9DB56CB3}.Release|iPhoneSimulator.Build.0 = Release|Any CPU
		{C56E8D21-AF9E-4F51-B3A0-B6CE9DB56CB3}.Release|iPhoneSimulator.Deploy.0 = Release|Any CPU
		{C56E8D21-AF9E-4F51-B3A0-B6CE9DB56CB3}.Release|x64.ActiveCfg = Release|Any CPU
		{C56E8D21-AF9E-4F51-B3A0-B6CE9DB56CB3}.Release|x64.Build.0 = Release|Any CPU
		{C56E8D21-AF9E-4F51-B3A0-B6CE9DB56CB3}.Release|x64.Deploy.0 = Release|Any CPU
		{C56E8D21-AF9E-4F51-B3A0-B6CE9DB56CB3}.Release|x86.ActiveCfg = Release|Any CPU
		{C56E8D21-AF9E-4F51-B3A0-B6CE9DB56CB3}.Release|x86.Build.0 = Release|Any CPU
		{C56E8D21-AF9E-4F51-B3A0-B6CE9DB56CB3}.Release|x86.Deploy.0 = Release|Any CPU
		{C4A074F2-1EA1-49CE-A6A4-CD4D8A7B135A}.Ad-Hoc|Any CPU.ActiveCfg = Release|Any CPU
		{C4A074F2-1EA1-49CE-A6A4-CD4D8A7B135A}.Ad-Hoc|Any CPU.Build.0 = Release|Any CPU
		{C4A074F2-1EA1-49CE-A6A4-CD4D8A7B135A}.Ad-Hoc|ARM.ActiveCfg = Release|Any CPU
		{C4A074F2-1EA1-49CE-A6A4-CD4D8A7B135A}.Ad-Hoc|ARM.Build.0 = Release|Any CPU
		{C4A074F2-1EA1-49CE-A6A4-CD4D8A7B135A}.Ad-Hoc|iPhone.ActiveCfg = Release|Any CPU
		{C4A074F2-1EA1-49CE-A6A4-CD4D8A7B135A}.Ad-Hoc|iPhone.Build.0 = Release|Any CPU
		{C4A074F2-1EA1-49CE-A6A4-CD4D8A7B135A}.Ad-Hoc|iPhoneSimulator.ActiveCfg = Release|Any CPU
		{C4A074F2-1EA1-49CE-A6A4-CD4D8A7B135A}.Ad-Hoc|iPhoneSimulator.Build.0 = Release|Any CPU
		{C4A074F2-1EA1-49CE-A6A4-CD4D8A7B135A}.Ad-Hoc|x64.ActiveCfg = Release|Any CPU
		{C4A074F2-1EA1-49CE-A6A4-CD4D8A7B135A}.Ad-Hoc|x64.Build.0 = Release|Any CPU
		{C4A074F2-1EA1-49CE-A6A4-CD4D8A7B135A}.Ad-Hoc|x86.ActiveCfg = Release|Any CPU
		{C4A074F2-1EA1-49CE-A6A4-CD4D8A7B135A}.Ad-Hoc|x86.Build.0 = Release|Any CPU
		{C4A074F2-1EA1-49CE-A6A4-CD4D8A7B135A}.AppStore|Any CPU.ActiveCfg = Release|Any CPU
		{C4A074F2-1EA1-49CE-A6A4-CD4D8A7B135A}.AppStore|Any CPU.Build.0 = Release|Any CPU
		{C4A074F2-1EA1-49CE-A6A4-CD4D8A7B135A}.AppStore|ARM.ActiveCfg = Release|Any CPU
		{C4A074F2-1EA1-49CE-A6A4-CD4D8A7B135A}.AppStore|ARM.Build.0 = Release|Any CPU
		{C4A074F2-1EA1-49CE-A6A4-CD4D8A7B135A}.AppStore|iPhone.ActiveCfg = Release|Any CPU
		{C4A074F2-1EA1-49CE-A6A4-CD4D8A7B135A}.AppStore|iPhone.Build.0 = Release|Any CPU
		{C4A074F2-1EA1-49CE-A6A4-CD4D8A7B135A}.AppStore|iPhoneSimulator.ActiveCfg = Release|Any CPU
		{C4A074F2-1EA1-49CE-A6A4-CD4D8A7B135A}.AppStore|iPhoneSimulator.Build.0 = Release|Any CPU
		{C4A074F2-1EA1-49CE-A6A4-CD4D8A7B135A}.AppStore|x64.ActiveCfg = Release|Any CPU
		{C4A074F2-1EA1-49CE-A6A4-CD4D8A7B135A}.AppStore|x64.Build.0 = Release|Any CPU
		{C4A074F2-1EA1-49CE-A6A4-CD4D8A7B135A}.AppStore|x86.ActiveCfg = Release|Any CPU
		{C4A074F2-1EA1-49CE-A6A4-CD4D8A7B135A}.AppStore|x86.Build.0 = Release|Any CPU
		{C4A074F2-1EA1-49CE-A6A4-CD4D8A7B135A}.Debug|Any CPU.ActiveCfg = Debug|Any CPU
		{C4A074F2-1EA1-49CE-A6A4-CD4D8A7B135A}.Debug|Any CPU.Build.0 = Debug|Any CPU
		{C4A074F2-1EA1-49CE-A6A4-CD4D8A7B135A}.Debug|ARM.ActiveCfg = Debug|Any CPU
		{C4A074F2-1EA1-49CE-A6A4-CD4D8A7B135A}.Debug|ARM.Build.0 = Debug|Any CPU
		{C4A074F2-1EA1-49CE-A6A4-CD4D8A7B135A}.Debug|iPhone.ActiveCfg = Debug|Any CPU
		{C4A074F2-1EA1-49CE-A6A4-CD4D8A7B135A}.Debug|iPhone.Build.0 = Debug|Any CPU
		{C4A074F2-1EA1-49CE-A6A4-CD4D8A7B135A}.Debug|iPhoneSimulator.ActiveCfg = Debug|Any CPU
		{C4A074F2-1EA1-49CE-A6A4-CD4D8A7B135A}.Debug|iPhoneSimulator.Build.0 = Debug|Any CPU
		{C4A074F2-1EA1-49CE-A6A4-CD4D8A7B135A}.Debug|x64.ActiveCfg = Debug|Any CPU
		{C4A074F2-1EA1-49CE-A6A4-CD4D8A7B135A}.Debug|x64.Build.0 = Debug|Any CPU
		{C4A074F2-1EA1-49CE-A6A4-CD4D8A7B135A}.Debug|x86.ActiveCfg = Debug|Any CPU
		{C4A074F2-1EA1-49CE-A6A4-CD4D8A7B135A}.Debug|x86.Build.0 = Debug|Any CPU
		{C4A074F2-1EA1-49CE-A6A4-CD4D8A7B135A}.Release|Any CPU.ActiveCfg = Release|Any CPU
		{C4A074F2-1EA1-49CE-A6A4-CD4D8A7B135A}.Release|Any CPU.Build.0 = Release|Any CPU
		{C4A074F2-1EA1-49CE-A6A4-CD4D8A7B135A}.Release|ARM.ActiveCfg = Release|Any CPU
		{C4A074F2-1EA1-49CE-A6A4-CD4D8A7B135A}.Release|ARM.Build.0 = Release|Any CPU
		{C4A074F2-1EA1-49CE-A6A4-CD4D8A7B135A}.Release|iPhone.ActiveCfg = Release|Any CPU
		{C4A074F2-1EA1-49CE-A6A4-CD4D8A7B135A}.Release|iPhone.Build.0 = Release|Any CPU
		{C4A074F2-1EA1-49CE-A6A4-CD4D8A7B135A}.Release|iPhoneSimulator.ActiveCfg = Release|Any CPU
		{C4A074F2-1EA1-49CE-A6A4-CD4D8A7B135A}.Release|iPhoneSimulator.Build.0 = Release|Any CPU
		{C4A074F2-1EA1-49CE-A6A4-CD4D8A7B135A}.Release|x64.ActiveCfg = Release|Any CPU
		{C4A074F2-1EA1-49CE-A6A4-CD4D8A7B135A}.Release|x64.Build.0 = Release|Any CPU
		{C4A074F2-1EA1-49CE-A6A4-CD4D8A7B135A}.Release|x86.ActiveCfg = Release|Any CPU
		{C4A074F2-1EA1-49CE-A6A4-CD4D8A7B135A}.Release|x86.Build.0 = Release|Any CPU
		{46A29028-5727-450D-9DBD-34A7A21BF71D}.Ad-Hoc|Any CPU.ActiveCfg = Release|Any CPU
		{46A29028-5727-450D-9DBD-34A7A21BF71D}.Ad-Hoc|Any CPU.Build.0 = Release|Any CPU
		{46A29028-5727-450D-9DBD-34A7A21BF71D}.Ad-Hoc|ARM.ActiveCfg = Release|Any CPU
		{46A29028-5727-450D-9DBD-34A7A21BF71D}.Ad-Hoc|ARM.Build.0 = Release|Any CPU
		{46A29028-5727-450D-9DBD-34A7A21BF71D}.Ad-Hoc|iPhone.ActiveCfg = Release|Any CPU
		{46A29028-5727-450D-9DBD-34A7A21BF71D}.Ad-Hoc|iPhone.Build.0 = Release|Any CPU
		{46A29028-5727-450D-9DBD-34A7A21BF71D}.Ad-Hoc|iPhoneSimulator.ActiveCfg = Release|Any CPU
		{46A29028-5727-450D-9DBD-34A7A21BF71D}.Ad-Hoc|iPhoneSimulator.Build.0 = Release|Any CPU
		{46A29028-5727-450D-9DBD-34A7A21BF71D}.Ad-Hoc|x64.ActiveCfg = Release|Any CPU
		{46A29028-5727-450D-9DBD-34A7A21BF71D}.Ad-Hoc|x64.Build.0 = Release|Any CPU
		{46A29028-5727-450D-9DBD-34A7A21BF71D}.Ad-Hoc|x86.ActiveCfg = Release|Any CPU
		{46A29028-5727-450D-9DBD-34A7A21BF71D}.Ad-Hoc|x86.Build.0 = Release|Any CPU
		{46A29028-5727-450D-9DBD-34A7A21BF71D}.AppStore|Any CPU.ActiveCfg = Release|Any CPU
		{46A29028-5727-450D-9DBD-34A7A21BF71D}.AppStore|Any CPU.Build.0 = Release|Any CPU
		{46A29028-5727-450D-9DBD-34A7A21BF71D}.AppStore|ARM.ActiveCfg = Release|Any CPU
		{46A29028-5727-450D-9DBD-34A7A21BF71D}.AppStore|ARM.Build.0 = Release|Any CPU
		{46A29028-5727-450D-9DBD-34A7A21BF71D}.AppStore|iPhone.ActiveCfg = Release|Any CPU
		{46A29028-5727-450D-9DBD-34A7A21BF71D}.AppStore|iPhone.Build.0 = Release|Any CPU
		{46A29028-5727-450D-9DBD-34A7A21BF71D}.AppStore|iPhoneSimulator.ActiveCfg = Release|Any CPU
		{46A29028-5727-450D-9DBD-34A7A21BF71D}.AppStore|iPhoneSimulator.Build.0 = Release|Any CPU
		{46A29028-5727-450D-9DBD-34A7A21BF71D}.AppStore|x64.ActiveCfg = Release|Any CPU
		{46A29028-5727-450D-9DBD-34A7A21BF71D}.AppStore|x64.Build.0 = Release|Any CPU
		{46A29028-5727-450D-9DBD-34A7A21BF71D}.AppStore|x86.ActiveCfg = Release|Any CPU
		{46A29028-5727-450D-9DBD-34A7A21BF71D}.AppStore|x86.Build.0 = Release|Any CPU
		{46A29028-5727-450D-9DBD-34A7A21BF71D}.Debug|Any CPU.ActiveCfg = Debug|Any CPU
		{46A29028-5727-450D-9DBD-34A7A21BF71D}.Debug|Any CPU.Build.0 = Debug|Any CPU
		{46A29028-5727-450D-9DBD-34A7A21BF71D}.Debug|ARM.ActiveCfg = Debug|Any CPU
		{46A29028-5727-450D-9DBD-34A7A21BF71D}.Debug|ARM.Build.0 = Debug|Any CPU
		{46A29028-5727-450D-9DBD-34A7A21BF71D}.Debug|iPhone.ActiveCfg = Debug|Any CPU
		{46A29028-5727-450D-9DBD-34A7A21BF71D}.Debug|iPhone.Build.0 = Debug|Any CPU
		{46A29028-5727-450D-9DBD-34A7A21BF71D}.Debug|iPhoneSimulator.ActiveCfg = Debug|Any CPU
		{46A29028-5727-450D-9DBD-34A7A21BF71D}.Debug|iPhoneSimulator.Build.0 = Debug|Any CPU
		{46A29028-5727-450D-9DBD-34A7A21BF71D}.Debug|x64.ActiveCfg = Debug|Any CPU
		{46A29028-5727-450D-9DBD-34A7A21BF71D}.Debug|x64.Build.0 = Debug|Any CPU
		{46A29028-5727-450D-9DBD-34A7A21BF71D}.Debug|x86.ActiveCfg = Debug|Any CPU
		{46A29028-5727-450D-9DBD-34A7A21BF71D}.Debug|x86.Build.0 = Debug|Any CPU
		{46A29028-5727-450D-9DBD-34A7A21BF71D}.Release|Any CPU.ActiveCfg = Release|Any CPU
		{46A29028-5727-450D-9DBD-34A7A21BF71D}.Release|Any CPU.Build.0 = Release|Any CPU
		{46A29028-5727-450D-9DBD-34A7A21BF71D}.Release|ARM.ActiveCfg = Release|Any CPU
		{46A29028-5727-450D-9DBD-34A7A21BF71D}.Release|ARM.Build.0 = Release|Any CPU
		{46A29028-5727-450D-9DBD-34A7A21BF71D}.Release|iPhone.ActiveCfg = Release|Any CPU
		{46A29028-5727-450D-9DBD-34A7A21BF71D}.Release|iPhone.Build.0 = Release|Any CPU
		{46A29028-5727-450D-9DBD-34A7A21BF71D}.Release|iPhoneSimulator.ActiveCfg = Release|Any CPU
		{46A29028-5727-450D-9DBD-34A7A21BF71D}.Release|iPhoneSimulator.Build.0 = Release|Any CPU
		{46A29028-5727-450D-9DBD-34A7A21BF71D}.Release|x64.ActiveCfg = Release|Any CPU
		{46A29028-5727-450D-9DBD-34A7A21BF71D}.Release|x64.Build.0 = Release|Any CPU
		{46A29028-5727-450D-9DBD-34A7A21BF71D}.Release|x86.ActiveCfg = Release|Any CPU
		{46A29028-5727-450D-9DBD-34A7A21BF71D}.Release|x86.Build.0 = Release|Any CPU
		{57359A7C-4B67-4B08-99A9-50507BFBAC81}.Ad-Hoc|Any CPU.ActiveCfg = Release|Any CPU
		{57359A7C-4B67-4B08-99A9-50507BFBAC81}.Ad-Hoc|Any CPU.Build.0 = Release|Any CPU
		{57359A7C-4B67-4B08-99A9-50507BFBAC81}.Ad-Hoc|ARM.ActiveCfg = Release|Any CPU
		{57359A7C-4B67-4B08-99A9-50507BFBAC81}.Ad-Hoc|ARM.Build.0 = Release|Any CPU
		{57359A7C-4B67-4B08-99A9-50507BFBAC81}.Ad-Hoc|iPhone.ActiveCfg = Release|Any CPU
		{57359A7C-4B67-4B08-99A9-50507BFBAC81}.Ad-Hoc|iPhone.Build.0 = Release|Any CPU
		{57359A7C-4B67-4B08-99A9-50507BFBAC81}.Ad-Hoc|iPhoneSimulator.ActiveCfg = Release|Any CPU
		{57359A7C-4B67-4B08-99A9-50507BFBAC81}.Ad-Hoc|iPhoneSimulator.Build.0 = Release|Any CPU
		{57359A7C-4B67-4B08-99A9-50507BFBAC81}.Ad-Hoc|x64.ActiveCfg = Release|Any CPU
		{57359A7C-4B67-4B08-99A9-50507BFBAC81}.Ad-Hoc|x64.Build.0 = Release|Any CPU
		{57359A7C-4B67-4B08-99A9-50507BFBAC81}.Ad-Hoc|x86.ActiveCfg = Release|Any CPU
		{57359A7C-4B67-4B08-99A9-50507BFBAC81}.Ad-Hoc|x86.Build.0 = Release|Any CPU
		{57359A7C-4B67-4B08-99A9-50507BFBAC81}.AppStore|Any CPU.ActiveCfg = Release|Any CPU
		{57359A7C-4B67-4B08-99A9-50507BFBAC81}.AppStore|Any CPU.Build.0 = Release|Any CPU
		{57359A7C-4B67-4B08-99A9-50507BFBAC81}.AppStore|ARM.ActiveCfg = Release|Any CPU
		{57359A7C-4B67-4B08-99A9-50507BFBAC81}.AppStore|ARM.Build.0 = Release|Any CPU
		{57359A7C-4B67-4B08-99A9-50507BFBAC81}.AppStore|iPhone.ActiveCfg = Release|Any CPU
		{57359A7C-4B67-4B08-99A9-50507BFBAC81}.AppStore|iPhone.Build.0 = Release|Any CPU
		{57359A7C-4B67-4B08-99A9-50507BFBAC81}.AppStore|iPhoneSimulator.ActiveCfg = Release|Any CPU
		{57359A7C-4B67-4B08-99A9-50507BFBAC81}.AppStore|iPhoneSimulator.Build.0 = Release|Any CPU
		{57359A7C-4B67-4B08-99A9-50507BFBAC81}.AppStore|x64.ActiveCfg = Release|Any CPU
		{57359A7C-4B67-4B08-99A9-50507BFBAC81}.AppStore|x64.Build.0 = Release|Any CPU
		{57359A7C-4B67-4B08-99A9-50507BFBAC81}.AppStore|x86.ActiveCfg = Release|Any CPU
		{57359A7C-4B67-4B08-99A9-50507BFBAC81}.AppStore|x86.Build.0 = Release|Any CPU
		{57359A7C-4B67-4B08-99A9-50507BFBAC81}.Debug|Any CPU.ActiveCfg = Debug|Any CPU
		{57359A7C-4B67-4B08-99A9-50507BFBAC81}.Debug|Any CPU.Build.0 = Debug|Any CPU
		{57359A7C-4B67-4B08-99A9-50507BFBAC81}.Debug|ARM.ActiveCfg = Debug|Any CPU
		{57359A7C-4B67-4B08-99A9-50507BFBAC81}.Debug|ARM.Build.0 = Debug|Any CPU
		{57359A7C-4B67-4B08-99A9-50507BFBAC81}.Debug|iPhone.ActiveCfg = Debug|Any CPU
		{57359A7C-4B67-4B08-99A9-50507BFBAC81}.Debug|iPhone.Build.0 = Debug|Any CPU
		{57359A7C-4B67-4B08-99A9-50507BFBAC81}.Debug|iPhoneSimulator.ActiveCfg = Debug|Any CPU
		{57359A7C-4B67-4B08-99A9-50507BFBAC81}.Debug|iPhoneSimulator.Build.0 = Debug|Any CPU
		{57359A7C-4B67-4B08-99A9-50507BFBAC81}.Debug|x64.ActiveCfg = Debug|Any CPU
		{57359A7C-4B67-4B08-99A9-50507BFBAC81}.Debug|x64.Build.0 = Debug|Any CPU
		{57359A7C-4B67-4B08-99A9-50507BFBAC81}.Debug|x86.ActiveCfg = Debug|Any CPU
		{57359A7C-4B67-4B08-99A9-50507BFBAC81}.Debug|x86.Build.0 = Debug|Any CPU
		{57359A7C-4B67-4B08-99A9-50507BFBAC81}.Release|Any CPU.ActiveCfg = Release|Any CPU
		{57359A7C-4B67-4B08-99A9-50507BFBAC81}.Release|Any CPU.Build.0 = Release|Any CPU
		{57359A7C-4B67-4B08-99A9-50507BFBAC81}.Release|ARM.ActiveCfg = Release|Any CPU
		{57359A7C-4B67-4B08-99A9-50507BFBAC81}.Release|ARM.Build.0 = Release|Any CPU
		{57359A7C-4B67-4B08-99A9-50507BFBAC81}.Release|iPhone.ActiveCfg = Release|Any CPU
		{57359A7C-4B67-4B08-99A9-50507BFBAC81}.Release|iPhone.Build.0 = Release|Any CPU
		{57359A7C-4B67-4B08-99A9-50507BFBAC81}.Release|iPhoneSimulator.ActiveCfg = Release|Any CPU
		{57359A7C-4B67-4B08-99A9-50507BFBAC81}.Release|iPhoneSimulator.Build.0 = Release|Any CPU
		{57359A7C-4B67-4B08-99A9-50507BFBAC81}.Release|x64.ActiveCfg = Release|Any CPU
		{57359A7C-4B67-4B08-99A9-50507BFBAC81}.Release|x64.Build.0 = Release|Any CPU
		{57359A7C-4B67-4B08-99A9-50507BFBAC81}.Release|x86.ActiveCfg = Release|Any CPU
		{57359A7C-4B67-4B08-99A9-50507BFBAC81}.Release|x86.Build.0 = Release|Any CPU
	EndGlobalSection
	GlobalSection(SolutionProperties) = preSolution
		HideSolutionNode = FALSE
	EndGlobalSection
	GlobalSection(ExtensibilityGlobals) = postSolution
		SolutionGuid = {758F617B-E1FE-47AF-BBC2-EC46927701F4}
	EndGlobalSection
EndGlobal
